
Microsoft Visual Studio Solution File, Format Version 12.00
# Visual Studio Version 17
VisualStudioVersion = 17.10.35122.118
MinimumVisualStudioVersion = 10.0.40219.1
Project("{FAE04EC0-301F-11D3-BF4B-00C04F79EFBC}") = "testproject", "testproject.csproj", "{39FB4E73-C89E-4918-89DD-8A7D4FAFE10A}"
EndProject
Global
	GlobalSection(SolutionConfigurationPlatforms) = preSolution
		Debug|Any CPU = Debug|Any CPU
		Release|Any CPU = Release|Any CPU
	EndGlobalSection
	GlobalSection(ProjectConfigurationPlatforms) = postSolution
		{39FB4E73-C89E-4918-89DD-8A7D4FAFE10A}.Debug|Any CPU.ActiveCfg = Debug|Any CPU
		{39FB4E73-C89E-4918-89DD-8A7D4FAFE10A}.Debug|Any CPU.Build.0 = Debug|Any CPU
		{39FB4E73-C89E-4918-89DD-8A7D4FAFE10A}.Release|Any CPU.ActiveCfg = Release|Any CPU
		{39FB4E73-C89E-4918-89DD-8A7D4FAFE10A}.Release|Any CPU.Build.0 = Release|Any CPU
	EndGlobalSection
	GlobalSection(SolutionProperties) = preSolution
		HideSolutionNode = FALSE
	EndGlobalSection
	GlobalSection(ExtensibilityGlobals) = postSolution
		SolutionGuid = {B99906FF-01E9-44BD-B98E-4B8E04BDAB20}
	EndGlobalSection
EndGlobal
